PODS:
  - CTStorage (0.2.4):
    - Realm
    - RealmSwift
  - Realm (10.1.4):
    - Realm/Headers (= 10.1.4)
  - Realm/Headers (10.1.4)
  - RealmSwift (10.1.4):
    - Realm (= 10.1.4)

DEPENDENCIES:
  - CTStorage (from `../`)

SPEC REPOS:
  https://github.com/CocoaPods/Specs.git:
    - Realm
    - RealmSwift

EXTERNAL SOURCES:
  CTStorage:
    :path: "../"

SPEC CHECKSUMS:
  CTStorage: e198f2a9a74e0d91f2e7c55364b0a536aced4a73
  Realm: 80f4fb2971ccb9adc27a47d0955ae8e533a7030b
  RealmSwift: 0e566ca714edb377bba8ea0811eafcea0b93734e

PODFILE CHECKSUM: a70dabf9fc09098f5c9110457a71e3729b34a104

COCOAPODS: 1.10.0
